{
  "name": "@poryal-solutions/weevy-rt",
  "version": "1.0.0",
  "lockfileVersion": 3,
  "requires": true,
  "packages": {
    "": {
      "name": "@poryal-solutions/weevy-rt",
      "version": "1.0.0",
      "license": "ISC",
      "dependencies": {
        "@mikeshardmind/base2048": "^1.0.2",
        "brotli-wasm": "^3.0.1"
      }
    },
    "node_modules/@mikeshardmind/base2048": {
      "version": "1.0.2",
      "resolved": "https://registry.npmjs.org/@mikeshardmind/base2048/-/base2048-1.0.2.tgz",
      "integrity": "sha512-8TT2RGYifOimvSmJMR6HIa134pxPUIBoW4QwhVtIxWPEBtZNWh5QOfBhgkElLWFvUJbo9GmebV8LDxkTrxIJUA=="
    },
    "node_modules/brotli-wasm": {
      "version": "3.0.1",
      "resolved": "https://registry.npmjs.org/brotli-wasm/-/brotli-wasm-3.0.1.tgz",
      "integrity": "sha512-U3K72/JAi3jITpdhZBqzSUq+DUY697tLxOuFXB+FpAE/Ug+5C3VZrv4uA674EUZHxNAuQ9wETXNqQkxZD6oL4A==",
      "engines": {
        "node": ">=v18.0.0"
      }
    }
  }
}
